
Microsoft Visual Studio Solution File, Format Version 12.00
# Visual Studio Version 16
VisualStudioVersion = 16.0.30204.135
MinimumVisualStudioVersion = 10.0.40219.1
Project("{FAE04EC0-301F-11D3-BF4B-00C04F79EFBC}") = "BlazorApp", "BlazorApp\BlazorApp.csproj", "{1407D3E0-8D4F-4409-8592-33A35E1B989D}"
EndProject
Global
	GlobalSection(SolutionConfigurationPlatforms) = preSolution
		Debug|Any CPU = Debug|Any CPU
		Release|Any CPU = Release|Any CPU
	EndGlobalSection
	GlobalSection(ProjectConfigurationPlatforms) = postSolution
		{1407D3E0-8D4F-4409-8592-33A35E1B989D}.Debug|Any CPU.ActiveCfg = Debug|Any CPU
		{1407D3E0-8D4F-4409-8592-33A35E1B989D}.Debug|Any CPU.Build.0 = Debug|Any CPU
		{1407D3E0-8D4F-4409-8592-33A35E1B989D}.Release|Any CPU.ActiveCfg = Release|Any CPU
		{1407D3E0-8D4F-4409-8592-33A35E1B989D}.Release|Any CPU.Build.0 = Release|Any CPU
	EndGlobalSection
	GlobalSection(SolutionProperties) = preSolution
		HideSolutionNode = FALSE
	EndGlobalSection
	GlobalSection(ExtensibilityGlobals) = postSolution
		SolutionGuid = {776D1683-0A7E-4323-A7FC-C3E5ABB6F504}
	EndGlobalSection
EndGlobal
